// !$*UTF8*$!
{
	archiveVersion = 1;
	classes = {
	};
	objectVersion = 48;
	objects = {

/* Begin PBXBuildFile section */
		4643008020826004005BCE85 /* GoogleService-Info.plist in Resources */ = {isa = PBXBuildFile; fileRef = 4643007F20826004005BCE85 /* GoogleService-Info.plist */; };
		4643008220826154005BCE85 /* FeedViewController.swift in Sources */ = {isa = PBXBuildFile; fileRef = 4643008120826154005BCE85 /* FeedViewController.swift */; };
		46430084208265B6005BCE85 /* RegisterViewController.swift in Sources */ = {isa = PBXBuildFile; fileRef = 46430083208265B6005BCE85 /* RegisterViewController.swift */; };
		468DE6F42082904100D54ED1 /* CreateGroupView.swift in Sources */ = {isa = PBXBuildFile; fileRef = 468DE6F32082904100D54ED1 /* CreateGroupView.swift */; };
		46F5383220824F490011A566 /* AppDelegate.swift in Sources */ = {isa = PBXBuildFile; fileRef = 46F5383120824F490011A566 /* AppDelegate.swift */; };
		46F5383420824F490011A566 /* LoginViewController.swift in Sources */ = {isa = PBXBuildFile; fileRef = 46F5383320824F490011A566 /* LoginViewController.swift */; };
		46F5383720824F490011A566 /* Main.storyboard in Resources */ = {isa = PBXBuildFile; fileRef = 46F5383520824F490011A566 /* Main.storyboard */; };
		46F5383920824F490011A566 /* Assets.xcassets in Resources */ = {isa = PBXBuildFile; fileRef = 46F5383820824F490011A566 /* Assets.xcassets */; };
		46F5383C20824F490011A566 /* LaunchScreen.storyboard in Resources */ = {isa = PBXBuildFile; fileRef = 46F5383A20824F490011A566 /* LaunchScreen.storyboard */; };
		9A9FAA842D15D5E59D21F956 /* Pods_organizr.framework in Frameworks */ = {isa = PBXBuildFile; fileRef = D009E437CDEC799DA8C08FDD /* Pods_organizr.framework */; };
		E8F07F0A208275B80000456C /* GroupsViewController.swift in Sources */ = {isa = PBXBuildFile; fileRef = E8F07F09208275B80000456C /* GroupsViewController.swift */; };
		E8F07F0C208275D20000456C /* SettingsViewController.swift in Sources */ = {isa = PBXBuildFile; fileRef = E8F07F0B208275D20000456C /* SettingsViewController.swift */; };
/* End PBXBuildFile section */

/* Begin PBXFileReference section */
		4643007F20826004005BCE85 /* GoogleService-Info.plist */ = {isa = PBXFileReference; fileEncoding = 4; lastKnownFileType = text.plist.xml; path = "GoogleService-Info.plist"; sourceTree = "<group>"; };
		4643008120826154005BCE85 /* FeedViewController.swift */ = {isa = PBXFileReference; lastKnownFileType = sourcecode.swift; path = FeedViewController.swift; sourceTree = "<group>"; };
		46430083208265B6005BCE85 /* RegisterViewController.swift */ = {isa = PBXFileReference; lastKnownFileType = sourcecode.swift; path = RegisterViewController.swift; sourceTree = "<group>"; };
		468DE6F32082904100D54ED1 /* CreateGroupView.swift */ = {isa = PBXFileReference; lastKnownFileType = sourcecode.swift; path = CreateGroupView.swift; sourceTree = "<group>"; };
		46F5382E20824F490011A566 /* organizr.app */ = {isa = PBXFileReference; explicitFileType = wrapper.application; includeInIndex = 0; path = organizr.app; sourceTree = BUILT_PRODUCTS_DIR; };
		46F5383120824F490011A566 /* AppDelegate.swift */ = {isa = PBXFileReference; lastKnownFileType = sourcecode.swift; path = AppDelegate.swift; sourceTree = "<group>"; };
		46F5383320824F490011A566 /* LoginViewController.swift */ = {isa = PBXFileReference; lastKnownFileType = sourcecode.swift; path = LoginViewController.swift; sourceTree = "<group>"; };
		46F5383620824F490011A566 /* Base */ = {isa = PBXFileReference; lastKnownFileType = file.storyboard; name = Base; path = Base.lproj/Main.storyboard; sourceTree = "<group>"; };
		46F5383820824F490011A566 /* Assets.xcassets */ = {isa = PBXFileReference; lastKnownFileType = folder.assetcatalog; path = Assets.xcassets; sourceTree = "<group>"; };
		46F5383B20824F490011A566 /* Base */ = {isa = PBXFileReference; lastKnownFileType = file.storyboard; name = Base; path = Base.lproj/LaunchScreen.storyboard; sourceTree = "<group>"; };
		46F5383D20824F490011A566 /* Info.plist */ = {isa = PBXFileReference; lastKnownFileType = text.plist.xml; path = Info.plist; sourceTree = "<group>"; };
		8C95833BBB7B09C1D8532DFD /* Pods-organizr.debug.xcconfig */ = {isa = PBXFileReference; includeInIndex = 1; lastKnownFileType = text.xcconfig; name = "Pods-organizr.debug.xcconfig"; path = "Pods/Target Support Files/Pods-organizr/Pods-organizr.debug.xcconfig"; sourceTree = "<group>"; };
		D009E437CDEC799DA8C08FDD /* Pods_organizr.framework */ = {isa = PBXFileReference; explicitFileType = wrapper.framework; includeInIndex = 0; path = Pods_organizr.framework; sourceTree = BUILT_PRODUCTS_DIR; };
		E8F07F09208275B80000456C /* GroupsViewController.swift */ = {isa = PBXFileReference; lastKnownFileType = sourcecode.swift; path = GroupsViewController.swift; sourceTree = "<group>"; };
		E8F07F0B208275D20000456C /* SettingsViewController.swift */ = {isa = PBXFileReference; lastKnownFileType = sourcecode.swift; path = SettingsViewController.swift; sourceTree = "<group>"; };
		F176CFCD111F18241F9B091B /* Pods-organizr.release.xcconfig */ = {isa = PBXFileReference; includeInIndex = 1; lastKnownFileType = text.xcconfig; name = "Pods-organizr.release.xcconfig"; path = "Pods/Target Support Files/Pods-organizr/Pods-organizr.release.xcconfig"; sourceTree = "<group>"; };
/* End PBXFileReference section */

/* Begin PBXFrameworksBuildPhase section */
		46F5382B20824F490011A566 /* Frameworks */ = {
			isa = PBXFrameworksBuildPhase;
			buildActionMask = 2147483647;
			files = (
				9A9FAA842D15D5E59D21F956 /* Pods_organizr.framework in Frameworks */,
			);
			runOnlyForDeploymentPostprocessing = 0;
		};
/* End PBXFrameworksBuildPhase section */

/* Begin PBXGroup section */
		3AFCB59EF95EFB611E3C8494 /* Pods */ = {
			isa = PBXGroup;
			children = (
				8C95833BBB7B09C1D8532DFD /* Pods-organizr.debug.xcconfig */,
				F176CFCD111F18241F9B091B /* Pods-organizr.release.xcconfig */,
			);
			name = Pods;
			sourceTree = "<group>";
		};
		46F5382520824F490011A566 = {
			isa = PBXGroup;
			children = (
				46F5383020824F490011A566 /* organizr */,
				46F5382F20824F490011A566 /* Products */,
				3AFCB59EF95EFB611E3C8494 /* Pods */,
				BED70B72B9715F01F76E4927 /* Frameworks */,
			);
			sourceTree = "<group>";
		};
		46F5382F20824F490011A566 /* Products */ = {
			isa = PBXGroup;
			children = (
				46F5382E20824F490011A566 /* organizr.app */,
			);
			name = Products;
			sourceTree = "<group>";
		};
		46F5383020824F490011A566 /* organizr */ = {
			isa = PBXGroup;
			children = (
				46F5383120824F490011A566 /* AppDelegate.swift */,
				46F5383320824F490011A566 /* LoginViewController.swift */,
				46F5383520824F490011A566 /* Main.storyboard */,
				468DE6F32082904100D54ED1 /* CreateGroupView.swift */,
				46430083208265B6005BCE85 /* RegisterViewController.swift */,
				46F5383820824F490011A566 /* Assets.xcassets */,
				46F5383A20824F490011A566 /* LaunchScreen.storyboard */,
				46F5383D20824F490011A566 /* Info.plist */,
				4643007F20826004005BCE85 /* GoogleService-Info.plist */,
				4643008120826154005BCE85 /* FeedViewController.swift */,
				E8F07F09208275B80000456C /* GroupsViewController.swift */,
				E8F07F0B208275D20000456C /* SettingsViewController.swift */,
			);
			path = organizr;
			sourceTree = "<group>";
		};
		BED70B72B9715F01F76E4927 /* Frameworks */ = {
			isa = PBXGroup;
			children = (
				D009E437CDEC799DA8C08FDD /* Pods_organizr.framework */,
			);
			name = Frameworks;
			sourceTree = "<group>";
		};
/* End PBXGroup section */

/* Begin PBXNativeTarget section */
		46F5382D20824F490011A566 /* organizr */ = {
			isa = PBXNativeTarget;
			buildConfigurationList = 46F5384020824F490011A566 /* Build configuration list for PBXNativeTarget "organizr" */;
			buildPhases = (
				41810EC685715CB511AE4C9D /* [CP] Check Pods Manifest.lock */,
				46F5382A20824F490011A566 /* Sources */,
				46F5382B20824F490011A566 /* Frameworks */,
				46F5382C20824F490011A566 /* Resources */,
				E3F08CDC51F5D776167CEECA /* [CP] Embed Pods Frameworks */,
				580EA1FE097D25535A4A3887 /* [CP] Copy Pods Resources */,
			);
			buildRules = (
			);
			dependencies = (
			);
			name = organizr;
			productName = organizr;
			productReference = 46F5382E20824F490011A566 /* organizr.app */;
			productType = "com.apple.product-type.application";
		};
/* End PBXNativeTarget section */

/* Begin PBXProject section */
		46F5382620824F490011A566 /* Project object */ = {
			isa = PBXProject;
			attributes = {
				LastSwiftUpdateCheck = 0920;
				LastUpgradeCheck = 0920;
				ORGANIZATIONNAME = phs;
				TargetAttributes = {
					46F5382D20824F490011A566 = {
						CreatedOnToolsVersion = 9.2;
						ProvisioningStyle = Automatic;
					};
				};
			};
			buildConfigurationList = 46F5382920824F490011A566 /* Build configuration list for PBXProject "organizr" */;
			compatibilityVersion = "Xcode 8.0";
			developmentRegion = en;
			hasScannedForEncodings = 0;
			knownRegions = (
				en,
				Base,
			);
			mainGroup = 46F5382520824F490011A566;
			productRefGroup = 46F5382F20824F490011A566 /* Products */;
			projectDirPath = "";
			projectRoot = "";
			targets = (
				46F5382D20824F490011A566 /* organizr */,
			);
		};
/* End PBXProject section */

/* Begin PBXResourcesBuildPhase section */
		46F5382C20824F490011A566 /* Resources */ = {
			isa = PBXResourcesBuildPhase;
			buildActionMask = 2147483647;
			files = (
				46F5383C20824F490011A566 /* LaunchScreen.storyboard in Resources */,
				4643008020826004005BCE85 /* GoogleService-Info.plist in Resources */,
				46F5383920824F490011A566 /* Assets.xcassets in Resources */,
				46F5383720824F490011A566 /* Main.storyboard in Resources */,
			);
			runOnlyForDeploymentPostprocessing = 0;
		};
/* End PBXResourcesBuildPhase section */

/* Begin PBXShellScriptBuildPhase section */
		41810EC685715CB511AE4C9D /* [CP] Check Pods Manifest.lock */ = {
			isa = PBXShellScriptBuildPhase;
			buildActionMask = 2147483647;
			files = (
			);
			inputPaths = (
				"${PODS_PODFILE_DIR_PATH}/Podfile.lock",
				"${PODS_ROOT}/Manifest.lock",
			);
			name = "[CP] Check Pods Manifest.lock";
			outputPaths = (
				"$(DERIVED_FILE_DIR)/Pods-organizr-checkManifestLockResult.txt",
			);
			runOnlyForDeploymentPostprocessing = 0;
			shellPath = /bin/sh;
			shellScript = "diff \"${PODS_PODFILE_DIR_PATH}/Podfile.lock\" \"${PODS_ROOT}/Manifest.lock\" > /dev/null\nif [ $? != 0 ] ; then\n    # print error to STDERR\n    echo \"error: The sandbox is not in sync with the Podfile.lock. Run 'pod install' or update your CocoaPods installation.\" >&2\n    exit 1\nfi\n# This output is used by Xcode 'outputs' to avoid re-running this script phase.\necho \"SUCCESS\" > \"${SCRIPT_OUTPUT_FILE_0}\"\n";
			showEnvVarsInLog = 0;
		};
		580EA1FE097D25535A4A3887 /* [CP] Copy Pods Resources */ = {
			isa = PBXShellScriptBuildPhase;
			buildActionMask = 2147483647;
			files = (
			);
			inputPaths = (
				"${SRCROOT}/Pods/Target Support Files/Pods-organizr/Pods-organizr-resources.sh",
				"${PODS_CONFIGURATION_BUILD_DIR}/FirebaseUI/FirebaseAuthUI.bundle",
				"${PODS_CONFIGURATION_BUILD_DIR}/FirebaseUI/FirebaseFacebookAuthUI.bundle",
				"${PODS_CONFIGURATION_BUILD_DIR}/FirebaseUI/FirebaseGoogleAuthUI.bundle",
				"${PODS_CONFIGURATION_BUILD_DIR}/FirebaseUI/FirebasePhoneAuthUI.bundle",
				"${PODS_CONFIGURATION_BUILD_DIR}/FirebaseUI/FirebaseTwitterAuthUI.bundle",
				"${PODS_ROOT}/GoogleSignIn/Resources/GoogleSignIn.bundle",
				"${PODS_ROOT}/TwitterKit/iOS/TwitterKit.framework/TwitterKitResources.bundle",
				"${PODS_ROOT}/TwitterKit/iOS/TwitterKit.framework/TwitterShareExtensionUIResources.bundle",
			);
			name = "[CP] Copy Pods Resources";
			outputPaths = (
				"${TARGET_BUILD_DIR}/${UNLOCALIZED_RESOURCES_FOLDER_PATH}/FirebaseAuthUI.bundle",
				"${TARGET_BUILD_DIR}/${UNLOCALIZED_RESOURCES_FOLDER_PATH}/FirebaseFacebookAuthUI.bundle",
				"${TARGET_BUILD_DIR}/${UNLOCALIZED_RESOURCES_FOLDER_PATH}/FirebaseGoogleAuthUI.bundle",
				"${TARGET_BUILD_DIR}/${UNLOCALIZED_RESOURCES_FOLDER_PATH}/FirebasePhoneAuthUI.bundle",
				"${TARGET_BUILD_DIR}/${UNLOCALIZED_RESOURCES_FOLDER_PATH}/FirebaseTwitterAuthUI.bundle",
				"${TARGET_BUILD_DIR}/${UNLOCALIZED_RESOURCES_FOLDER_PATH}/GoogleSignIn.bundle",
				"${TARGET_BUILD_DIR}/${UNLOCALIZED_RESOURCES_FOLDER_PATH}/TwitterKitResources.bundle",
				"${TARGET_BUILD_DIR}/${UNLOCALIZED_RESOURCES_FOLDER_PATH}/TwitterShareExtensionUIResources.bundle",
			);
			runOnlyForDeploymentPostprocessing = 0;
			shellPath = /bin/sh;
			shellScript = "\"${SRCROOT}/Pods/Target Support Files/Pods-organizr/Pods-organizr-resources.sh\"\n";
			showEnvVarsInLog = 0;
		};
		E3F08CDC51F5D776167CEECA /* [CP] Embed Pods Frameworks */ = {
			isa = PBXShellScriptBuildPhase;
			buildActionMask = 2147483647;
			files = (
			);
			inputPaths = (
				"${SRCROOT}/Pods/Target Support Files/Pods-organizr/Pods-organizr-frameworks.sh",
				"${BUILT_PRODUCTS_DIR}/BoringSSL/openssl.framework",
				"${BUILT_PRODUCTS_DIR}/GTMSessionFetcher/GTMSessionFetcher.framework",
				"${BUILT_PRODUCTS_DIR}/GoogleToolboxForMac/GoogleToolboxForMac.framework",
				"${BUILT_PRODUCTS_DIR}/Hero/Hero.framework",
				"${BUILT_PRODUCTS_DIR}/Protobuf/Protobuf.framework",
				"${BUILT_PRODUCTS_DIR}/gRPC/GRPCClient.framework",
				"${BUILT_PRODUCTS_DIR}/gRPC-Core/grpc.framework",
				"${BUILT_PRODUCTS_DIR}/gRPC-ProtoRPC/ProtoRPC.framework",
				"${BUILT_PRODUCTS_DIR}/gRPC-RxLibrary/RxLibrary.framework",
				"${BUILT_PRODUCTS_DIR}/leveldb-library/leveldb.framework",
				"${BUILT_PRODUCTS_DIR}/nanopb/nanopb.framework",
			);
			name = "[CP] Embed Pods Frameworks";
			outputPaths = (
				"${TARGET_BUILD_DIR}/${FRAMEWORKS_FOLDER_PATH}/openssl.framework",
				"${TARGET_BUILD_DIR}/${FRAMEWORKS_FOLDER_PATH}/GTMSessionFetcher.framework",
				"${TARGET_BUILD_DIR}/${FRAMEWORKS_FOLDER_PATH}/GoogleToolboxForMac.framework",
				"${TARGET_BUILD_DIR}/${FRAMEWORKS_FOLDER_PATH}/Hero.framework",
				"${TARGET_BUILD_DIR}/${FRAMEWORKS_FOLDER_PATH}/Protobuf.framework",
				"${TARGET_BUILD_DIR}/${FRAMEWORKS_FOLDER_PATH}/GRPCClient.framework",
				"${TARGET_BUILD_DIR}/${FRAMEWORKS_FOLDER_PATH}/grpc.framework",
				"${TARGET_BUILD_DIR}/${FRAMEWORKS_FOLDER_PATH}/ProtoRPC.framework",
				"${TARGET_BUILD_DIR}/${FRAMEWORKS_FOLDER_PATH}/RxLibrary.framework",
				"${TARGET_BUILD_DIR}/${FRAMEWORKS_FOLDER_PATH}/leveldb.framework",
				"${TARGET_BUILD_DIR}/${FRAMEWORKS_FOLDER_PATH}/nanopb.framework",
			);
			runOnlyForDeploymentPostprocessing = 0;
			shellPath = /bin/sh;
			shellScript = "\"${SRCROOT}/Pods/Target Support Files/Pods-organizr/Pods-organizr-frameworks.sh\"\n";
			showEnvVarsInLog = 0;
		};
/* End PBXShellScriptBuildPhase section */

/* Begin PBXSourcesBuildPhase section */
		46F5382A20824F490011A566 /* Sources */ = {
			isa = PBXSourcesBuildPhase;
			buildActionMask = 2147483647;
			files = (
				46F5383420824F490011A566 /* LoginViewController.swift in Sources */,
				4643008220826154005BCE85 /* FeedViewController.swift in Sources */,
				46F5383220824F490011A566 /* AppDelegate.swift in Sources */,
				46430084208265B6005BCE85 /* RegisterViewController.swift in Sources */,
				468DE6F42082904100D54ED1 /* CreateGroupView.swift in Sources */,
				E8F07F0A208275B80000456C /* GroupsViewController.swift in Sources */,
				E8F07F0C208275D20000456C /* SettingsViewController.swift in Sources */,
			);
			runOnlyForDeploymentPostprocessing = 0;
		};
/* End PBXSourcesBuildPhase section */

/* Begin PBXVariantGroup section */
		46F5383520824F490011A566 /* Main.storyboard */ = {
			isa = PBXVariantGroup;
			children = (
				46F5383620824F490011A566 /* Base */,
			);
			name = Main.storyboard;
			sourceTree = "<group>";
		};
		46F5383A20824F490011A566 /* LaunchScreen.storyboard */ = {
			isa = PBXVariantGroup;
			children = (
				46F5383B20824F490011A566 /* Base */,
			);
			name = LaunchScreen.storyboard;
			sourceTree = "<group>";
		};
/* End PBXVariantGroup section */

/* Begin XCBuildConfiguration section */
		46F5383E20824F490011A566 /* Debug */ = {
			isa = XCBuildConfiguration;
			buildSettings = {
				ALWAYS_SEARCH_USER_PATHS = NO;
				CLANG_ANALYZER_NONNULL = YES;
				CLANG_ANALYZER_NUMBER_OBJECT_CONVERSION = YES_AGGRESSIVE;
				CLANG_CXX_LANGUAGE_STANDARD = "gnu++14";
				CLANG_CXX_LIBRARY = "libc++";
				CLANG_ENABLE_MODULES = YES;
				CLANG_ENABLE_OBJC_ARC = YES;
				CLANG_WARN_BLOCK_CAPTURE_AUTORELEASING = YES;
				CLANG_WARN_BOOL_CONVERSION = YES;
				CLANG_WARN_COMMA = YES;
				CLANG_WARN_CONSTANT_CONVERSION = YES;
				CLANG_WARN_DIRECT_OBJC_ISA_USAGE = YES_ERROR;
				CLANG_WARN_DOCUMENTATION_COMMENTS = YES;
				CLANG_WARN_EMPTY_BODY = YES;
				CLANG_WARN_ENUM_CONVERSION = YES;
				CLANG_WARN_INFINITE_RECURSION = YES;
				CLANG_WARN_INT_CONVERSION = YES;
				CLANG_WARN_NON_LITERAL_NULL_CONVERSION = YES;
				CLANG_WARN_OBJC_LITERAL_CONVERSION = YES;
				CLANG_WARN_OBJC_ROOT_CLASS = YES_ERROR;
				CLANG_WARN_RANGE_LOOP_ANALYSIS = YES;
				CLANG_WARN_STRICT_PROTOTYPES = YES;
				CLANG_WARN_SUSPICIOUS_MOVE = YES;
				CLANG_WARN_UNGUARDED_AVAILABILITY = YES_AGGRESSIVE;
				CLANG_WARN_UNREACHABLE_CODE = YES;
				CLANG_WARN__DUPLICATE_METHOD_MATCH = YES;
				CODE_SIGN_IDENTITY = "iPhone Developer";
				COPY_PHASE_STRIP = NO;
				DEBUG_INFORMATION_FORMAT = dwarf;
				ENABLE_STRICT_OBJC_MSGSEND = YES;
				ENABLE_TESTABILITY = YES;
				GCC_C_LANGUAGE_STANDARD = gnu11;
				GCC_DYNAMIC_NO_PIC = NO;
				GCC_NO_COMMON_BLOCKS = YES;
				GCC_OPTIMIZATION_LEVEL = 0;
				GCC_PREPROCESSOR_DEFINITIONS = (
					"DEBUG=1",
					"$(inherited)",
				);
				GCC_WARN_64_TO_32_BIT_CONVERSION = YES;
				GCC_WARN_ABOUT_RETURN_TYPE = YES_ERROR;
				GCC_WARN_UNDECLARED_SELECTOR = YES;
				GCC_WARN_UNINITIALIZED_AUTOS = YES_AGGRESSIVE;
				GCC_WARN_UNUSED_FUNCTION = YES;
				GCC_WARN_UNUSED_VARIABLE = YES;
				IPHONEOS_DEPLOYMENT_TARGET = 11.2;
				MTL_ENABLE_DEBUG_INFO = YES;
				ONLY_ACTIVE_ARCH = YES;
				SDKROOT = iphoneos;
				SWIFT_ACTIVE_COMPILATION_CONDITIONS = DEBUG;
				SWIFT_OPTIMIZATION_LEVEL = "-Onone";
			};
			name = Debug;
		};
		46F5383F20824F490011A566 /* Release */ = {
			isa = XCBuildConfiguration;
			buildSettings = {
				ALWAYS_SEARCH_USER_PATHS = NO;
				CLANG_ANALYZER_NONNULL = YES;
				CLANG_ANALYZER_NUMBER_OBJECT_CONVERSION = YES_AGGRESSIVE;
				CLANG_CXX_LANGUAGE_STANDARD = "gnu++14";
				CLANG_CXX_LIBRARY = "libc++";
				CLANG_ENABLE_MODULES = YES;
				CLANG_ENABLE_OBJC_ARC = YES;
				CLANG_WARN_BLOCK_CAPTURE_AUTORELEASING = YES;
				CLANG_WARN_BOOL_CONVERSION = YES;
				CLANG_WARN_COMMA = YES;
				CLANG_WARN_CONSTANT_CONVERSION = YES;
				CLANG_WARN_DIRECT_OBJC_ISA_USAGE = YES_ERROR;
				CLANG_WARN_DOCUMENTATION_COMMENTS = YES;
				CLANG_WARN_EMPTY_BODY = YES;
				CLANG_WARN_ENUM_CONVERSION = YES;
				CLANG_WARN_INFINITE_RECURSION = YES;
				CLANG_WARN_INT_CONVERSION = YES;
				CLANG_WARN_NON_LITERAL_NULL_CONVERSION = YES;
				CLANG_WARN_OBJC_LITERAL_CONVERSION = YES;
				CLANG_WARN_OBJC_ROOT_CLASS = YES_ERROR;
				CLANG_WARN_RANGE_LOOP_ANALYSIS = YES;
				CLANG_WARN_STRICT_PROTOTYPES = YES;
				CLANG_WARN_SUSPICIOUS_MOVE = YES;
				CLANG_WARN_UNGUARDED_AVAILABILITY = YES_AGGRESSIVE;
				CLANG_WARN_UNREACHABLE_CODE = YES;
				CLANG_WARN__DUPLICATE_METHOD_MATCH = YES;
				CODE_SIGN_IDENTITY = "iPhone Developer";
				COPY_PHASE_STRIP = NO;
				DEBUG_INFORMATION_FORMAT = "dwarf-with-dsym";
				ENABLE_NS_ASSERTIONS = NO;
				ENABLE_STRICT_OBJC_MSGSEND = YES;
				GCC_C_LANGUAGE_STANDARD = gnu11;
				GCC_NO_COMMON_BLOCKS = YES;
				GCC_WARN_64_TO_32_BIT_CONVERSION = YES;
				GCC_WARN_ABOUT_RETURN_TYPE = YES_ERROR;
				GCC_WARN_UNDECLARED_SELECTOR = YES;
				GCC_WARN_UNINITIALIZED_AUTOS = YES_AGGRESSIVE;
				GCC_WARN_UNUSED_FUNCTION = YES;
				GCC_WARN_UNUSED_VARIABLE = YES;
				IPHONEOS_DEPLOYMENT_TARGET = 11.2;
				MTL_ENABLE_DEBUG_INFO = NO;
				SDKROOT = iphoneos;
				SWIFT_OPTIMIZATION_LEVEL = "-Owholemodule";
				VALIDATE_PRODUCT = YES;
			};
			name = Release;
		};
		46F5384120824F490011A566 /* Debug */ = {
			isa = XCBuildConfiguration;
			baseConfigurationReference = 8C95833BBB7B09C1D8532DFD /* Pods-organizr.debug.xcconfig */;
			buildSettings = {
				ASSETCATALOG_COMPILER_APPICON_NAME = AppIcon;
				CODE_SIGN_STYLE = Automatic;
				DEVELOPMENT_TEAM = AHE4Q7G57S;
				INFOPLIST_FILE = organizr/Info.plist;
				LD_RUNPATH_SEARCH_PATHS = "$(inherited) @executable_path/Frameworks";
				PRODUCT_BUNDLE_IDENTIFIER = com.hackphs.organizr;
				PRODUCT_NAME = "$(TARGET_NAME)";
				SWIFT_VERSION = 4.0;
				TARGETED_DEVICE_FAMILY = "1,2";
			};
			name = Debug;
		};
		46F5384220824F490011A566 /* Release */ = {
			isa = XCBuildConfiguration;
			baseConfigurationReference = F176CFCD111F18241F9B091B /* Pods-organizr.release.xcconfig */;
			buildSettings = {
				ASSETCATALOG_COMPILER_APPICON_NAME = AppIcon;
				CODE_SIGN_STYLE = Automatic;
				DEVELOPMENT_TEAM = AHE4Q7G57S;
				INFOPLIST_FILE = organizr/Info.plist;
				LD_RUNPATH_SEARCH_PATHS = "$(inherited) @executable_path/Frameworks";
				PRODUCT_BUNDLE_IDENTIFIER = com.hackphs.organizr;
				PRODUCT_NAME = "$(TARGET_NAME)";
				SWIFT_VERSION = 4.0;
				TARGETED_DEVICE_FAMILY = "1,2";
			};
			name = Release;
		};
/* End XCBuildConfiguration section */

/* Begin XCConfigurationList section */
		46F5382920824F490011A566 /* Build configuration list for PBXProject "organizr" */ = {
			isa = XCConfigurationList;
			buildConfigurations = (
				46F5383E20824F490011A566 /* Debug */,
				46F5383F20824F490011A566 /* Release */,
			);
			defaultConfigurationIsVisible = 0;
			defaultConfigurationName = Release;
		};
		46F5384020824F490011A566 /* Build configuration list for PBXNativeTarget "organizr" */ = {
			isa = XCConfigurationList;
			buildConfigurations = (
				46F5384120824F490011A566 /* Debug */,
				46F5384220824F490011A566 /* Release */,
			);
			defaultConfigurationIsVisible = 0;
			defaultConfigurationName = Release;
		};
/* End XCConfigurationList section */
	};
	rootObject = 46F5382620824F490011A566 /* Project object */;
}
